
Microsoft Visual Studio Solution File, Format Version 12.00
# Visual Studio 15
VisualStudioVersion = 15.0.28307.1169
MinimumVisualStudioVersion = 10.0.40219.1
Project("{FAE04EC0-301F-11D3-BF4B-00C04F79EFBC}") = "KitelyTechWebApi", "KitelyTechWebApi\KitelyTechWebApi.csproj", "{0EC02A35-C4FC-43BA-9326-3B6C031DAD69}"
EndProject
Project("{FAE04EC0-301F-11D3-BF4B-00C04F79EFBC}") = "Core.Domain", "Core.Domain\Core.Domain.csproj", "{BCC24E71-08F5-41AF-872C-983D3F7261BB}"
EndProject
Global
	GlobalSection(SolutionConfigurationPlatforms) = preSolution
		Debug|Any CPU = Debug|Any CPU
		Release|Any CPU = Release|Any CPU
	EndGlobalSection
	GlobalSection(ProjectConfigurationPlatforms) = postSolution
		{0EC02A35-C4FC-43BA-9326-3B6C031DAD69}.Debug|Any CPU.ActiveCfg = Debug|Any CPU
		{0EC02A35-C4FC-43BA-9326-3B6C031DAD69}.Debug|Any CPU.Build.0 = Debug|Any CPU
		{0EC02A35-C4FC-43BA-9326-3B6C031DAD69}.Release|Any CPU.ActiveCfg = Release|Any CPU
		{0EC02A35-C4FC-43BA-9326-3B6C031DAD69}.Release|Any CPU.Build.0 = Release|Any CPU
		{BCC24E71-08F5-41AF-872C-983D3F7261BB}.Debug|Any CPU.ActiveCfg = Debug|Any CPU
		{BCC24E71-08F5-41AF-872C-983D3F7261BB}.Debug|Any CPU.Build.0 = Debug|Any CPU
		{BCC24E71-08F5-41AF-872C-983D3F7261BB}.Release|Any CPU.ActiveCfg = Release|Any CPU
		{BCC24E71-08F5-41AF-872C-983D3F7261BB}.Release|Any CPU.Build.0 = Release|Any CPU
	EndGlobalSection
	GlobalSection(SolutionProperties) = preSolution
		HideSolutionNode = FALSE
	EndGlobalSection
	GlobalSection(ExtensibilityGlobals) = postSolution
		SolutionGuid = {3BCCCE32-7429-4E24-AB7B-C32B94A5D33A}
	EndGlobalSection
EndGlobal
